// !$*UTF8*$!
{
	archiveVersion = 1;
	classes = {
	};
	objectVersion = 56;
	objects = {

/* Begin PBXBuildFile section */
		E2B4E5422C675F89003EDD03 /* QuizAppApp.swift in Sources */ = {isa = PBXBuildFile; fileRef = E2B4E5412C675F89003EDD03 /* QuizAppApp.swift */; };
		E2B4E5442C675F89003EDD03 /* ContentView.swift in Sources */ = {isa = PBXBuildFile; fileRef = E2B4E5432C675F89003EDD03 /* ContentView.swift */; };
		E2B4E5462C675F8B003EDD03 /* Assets.xcassets in Resources */ = {isa = PBXBuildFile; fileRef = E2B4E5452C675F8B003EDD03 /* Assets.xcassets */; };
		E2B4E5492C675F8B003EDD03 /* Preview Assets.xcassets in Resources */ = {isa = PBXBuildFile; fileRef = E2B4E5482C675F8B003EDD03 /* Preview Assets.xcassets */; };
		E2B4E5512C6C3E8D003EDD03 /* Home.swift in Sources */ = {isa = PBXBuildFile; fileRef = E2B4E5502C6C3E8D003EDD03 /* Home.swift */; };
		E2B4E5552C6C3FF8003EDD03 /* Extension.swift in Sources */ = {isa = PBXBuildFile; fileRef = E2B4E5542C6C3FF8003EDD03 /* Extension.swift */; };
		E2B4E5572C6CE9D2003EDD03 /* Quiz.swift in Sources */ = {isa = PBXBuildFile; fileRef = E2B4E5562C6CE9D2003EDD03 /* Quiz.swift */; };
		E2B4E55C2C6DF430003EDD03 /* TimerViewModel.swift in Sources */ = {isa = PBXBuildFile; fileRef = E2B4E55B2C6DF430003EDD03 /* TimerViewModel.swift */; };
		E2B4E55F2C6E3F55003EDD03 /* QuizViewModel.swift in Sources */ = {isa = PBXBuildFile; fileRef = E2B4E55E2C6E3F55003EDD03 /* QuizViewModel.swift */; };
		E2B4E5612C6E3FC6003EDD03 /* quizModel.swift in Sources */ = {isa = PBXBuildFile; fileRef = E2B4E5602C6E3FC6003EDD03 /* quizModel.swift */; };
		E2B4E5632C6E5F9C003EDD03 /* StartDialog.swift in Sources */ = {isa = PBXBuildFile; fileRef = E2B4E5622C6E5F9C003EDD03 /* StartDialog.swift */; };
/* End PBXBuildFile section */

/* Begin PBXFileReference section */
		E2B4E53E2C675F89003EDD03 /* QuizApp.app */ = {isa = PBXFileReference; explicitFileType = wrapper.application; includeInIndex = 0; path = QuizApp.app; sourceTree = BUILT_PRODUCTS_DIR; };
		E2B4E5412C675F89003EDD03 /* QuizAppApp.swift */ = {isa = PBXFileReference; lastKnownFileType = sourcecode.swift; path = QuizAppApp.swift; sourceTree = "<group>"; };
		E2B4E5432C675F89003EDD03 /* ContentView.swift */ = {isa = PBXFileReference; lastKnownFileType = sourcecode.swift; path = ContentView.swift; sourceTree = "<group>"; };
		E2B4E5452C675F8B003EDD03 /* Assets.xcassets */ = {isa = PBXFileReference; lastKnownFileType = folder.assetcatalog; path = Assets.xcassets; sourceTree = "<group>"; };
		E2B4E5482C675F8B003EDD03 /* Preview Assets.xcassets */ = {isa = PBXFileReference; lastKnownFileType = folder.assetcatalog; path = "Preview Assets.xcassets"; sourceTree = "<group>"; };
		E2B4E5502C6C3E8D003EDD03 /* Home.swift */ = {isa = PBXFileReference; lastKnownFileType = sourcecode.swift; path = Home.swift; sourceTree = "<group>"; };
		E2B4E5542C6C3FF8003EDD03 /* Extension.swift */ = {isa = PBXFileReference; lastKnownFileType = sourcecode.swift; path = Extension.swift; sourceTree = "<group>"; };
		E2B4E5562C6CE9D2003EDD03 /* Quiz.swift */ = {isa = PBXFileReference; lastKnownFileType = sourcecode.swift; path = Quiz.swift; sourceTree = "<group>"; };
		E2B4E55B2C6DF430003EDD03 /* TimerViewModel.swift */ = {isa = PBXFileReference; lastKnownFileType = sourcecode.swift; path = TimerViewModel.swift; sourceTree = "<group>"; };
		E2B4E55E2C6E3F55003EDD03 /* QuizViewModel.swift */ = {isa = PBXFileReference; lastKnownFileType = sourcecode.swift; path = QuizViewModel.swift; sourceTree = "<group>"; };
		E2B4E5602C6E3FC6003EDD03 /* quizModel.swift */ = {isa = PBXFileReference; lastKnownFileType = sourcecode.swift; path = quizModel.swift; sourceTree = "<group>"; };
		E2B4E5622C6E5F9C003EDD03 /* StartDialog.swift */ = {isa = PBXFileReference; lastKnownFileType = sourcecode.swift; path = StartDialog.swift; sourceTree = "<group>"; };
/* End PBXFileReference section */

/* Begin PBXFrameworksBuildPhase section */
		E2B4E53B2C675F89003EDD03 /* Frameworks */ = {
			isa = PBXFrameworksBuildPhase;
			buildActionMask = 2147483647;
			files = (
			);
			runOnlyForDeploymentPostprocessing = 0;
		};
/* End PBXFrameworksBuildPhase section */

/* Begin PBXGroup section */
		E2B4E5352C675F89003EDD03 = {
			isa = PBXGroup;
			children = (
				E2B4E5402C675F89003EDD03 /* QuizApp */,
				E2B4E53F2C675F89003EDD03 /* Products */,
			);
			sourceTree = "<group>";
		};
		E2B4E53F2C675F89003EDD03 /* Products */ = {
			isa = PBXGroup;
			children = (
				E2B4E53E2C675F89003EDD03 /* QuizApp.app */,
			);
			name = Products;
			sourceTree = "<group>";
		};
		E2B4E5402C675F89003EDD03 /* QuizApp */ = {
			isa = PBXGroup;
			children = (
				E2B4E55D2C6E3EEB003EDD03 /* Models */,
				E2B4E5582C6DF1D6003EDD03 /* ViewModel */,
				E2B4E5522C6C3F16003EDD03 /* UIComponents */,
				E2B4E54F2C6C3E3B003EDD03 /* UIView */,
				E2B4E5412C675F89003EDD03 /* QuizAppApp.swift */,
				E2B4E5432C675F89003EDD03 /* ContentView.swift */,
				E2B4E5452C675F8B003EDD03 /* Assets.xcassets */,
				E2B4E5472C675F8B003EDD03 /* Preview Content */,
			);
			path = QuizApp;
			sourceTree = "<group>";
		};
		E2B4E5472C675F8B003EDD03 /* Preview Content */ = {
			isa = PBXGroup;
			children = (
				E2B4E5482C675F8B003EDD03 /* Preview Assets.xcassets */,
			);
			path = "Preview Content";
			sourceTree = "<group>";
		};
		E2B4E54F2C6C3E3B003EDD03 /* UIView */ = {
			isa = PBXGroup;
			children = (
				E2B4E5502C6C3E8D003EDD03 /* Home.swift */,
				E2B4E5562C6CE9D2003EDD03 /* Quiz.swift */,
				E2B4E5622C6E5F9C003EDD03 /* StartDialog.swift */,
			);
			path = UIView;
			sourceTree = "<group>";
		};
		E2B4E5522C6C3F16003EDD03 /* UIComponents */ = {
			isa = PBXGroup;
			children = (
				E2B4E5532C6C3FC8003EDD03 /* Extension */,
			);
			path = UIComponents;
			sourceTree = "<group>";
		};
		E2B4E5532C6C3FC8003EDD03 /* Extension */ = {
			isa = PBXGroup;
			children = (
				E2B4E5542C6C3FF8003EDD03 /* Extension.swift */,
			);
			path = Extension;
			sourceTree = "<group>";
		};
		E2B4E5582C6DF1D6003EDD03 /* ViewModel */ = {
			isa = PBXGroup;
			children = (
				E2B4E55B2C6DF430003EDD03 /* TimerViewModel.swift */,
				E2B4E55E2C6E3F55003EDD03 /* QuizViewModel.swift */,
			);
			path = ViewModel;
			sourceTree = "<group>";
		};
		E2B4E55D2C6E3EEB003EDD03 /* Models */ = {
			isa = PBXGroup;
			children = (
				E2B4E5602C6E3FC6003EDD03 /* quizModel.swift */,
			);
			path = Models;
			sourceTree = "<group>";
		};
/* End PBXGroup section */

/* Begin PBXNativeTarget section */
		E2B4E53D2C675F89003EDD03 /* QuizApp */ = {
			isa = PBXNativeTarget;
			buildConfigurationList = E2B4E54C2C675F8B003EDD03 /* Build configuration list for PBXNativeTarget "QuizApp" */;
			buildPhases = (
				E2B4E53A2C675F89003EDD03 /* Sources */,
				E2B4E53B2C675F89003EDD03 /* Frameworks */,
				E2B4E53C2C675F89003EDD03 /* Resources */,
			);
			buildRules = (
			);
			dependencies = (
			);
			name = QuizApp;
			productName = QuizApp;
			productReference = E2B4E53E2C675F89003EDD03 /* QuizApp.app */;
			productType = "com.apple.product-type.application";
		};
/* End PBXNativeTarget section */

/* Begin PBXProject section */
		E2B4E5362C675F89003EDD03 /* Project object */ = {
			isa = PBXProject;
			attributes = {
				BuildIndependentTargetsInParallel = 1;
				LastSwiftUpdateCheck = 1530;
				LastUpgradeCheck = 1530;
				TargetAttributes = {
					E2B4E53D2C675F89003EDD03 = {
						CreatedOnToolsVersion = 15.3;
					};
				};
			};
			buildConfigurationList = E2B4E5392C675F89003EDD03 /* Build configuration list for PBXProject "QuizApp" */;
			compatibilityVersion = "Xcode 14.0";
			developmentRegion = en;
			hasScannedForEncodings = 0;
			knownRegions = (
				en,
				Base,
			);
			mainGroup = E2B4E5352C675F89003EDD03;
			productRefGroup = E2B4E53F2C675F89003EDD03 /* Products */;
			projectDirPath = "";
			projectRoot = "";
			targets = (
				E2B4E53D2C675F89003EDD03 /* QuizApp */,
			);
		};
/* End PBXProject section */

/* Begin PBXResourcesBuildPhase section */
		E2B4E53C2C675F89003EDD03 /* Resources */ = {
			isa = PBXResourcesBuildPhase;
			buildActionMask = 2147483647;
			files = (
				E2B4E5492C675F8B003EDD03 /* Preview Assets.xcassets in Resources */,
				E2B4E5462C675F8B003EDD03 /* Assets.xcassets in Resources */,
			);
			runOnlyForDeploymentPostprocessing = 0;
		};
/* End PBXResourcesBuildPhase section */

/* Begin PBXSourcesBuildPhase section */
		E2B4E53A2C675F89003EDD03 /* Sources */ = {
			isa = PBXSourcesBuildPhase;
			buildActionMask = 2147483647;
			files = (
				E2B4E5442C675F89003EDD03 /* ContentView.swift in Sources */,
				E2B4E5572C6CE9D2003EDD03 /* Quiz.swift in Sources */,
				E2B4E55F2C6E3F55003EDD03 /* QuizViewModel.swift in Sources */,
				E2B4E5512C6C3E8D003EDD03 /* Home.swift in Sources */,
				E2B4E5612C6E3FC6003EDD03 /* quizModel.swift in Sources */,
				E2B4E5632C6E5F9C003EDD03 /* StartDialog.swift in Sources */,
				E2B4E5422C675F89003EDD03 /* QuizAppApp.swift in Sources */,
				E2B4E55C2C6DF430003EDD03 /* TimerViewModel.swift in Sources */,
				E2B4E5552C6C3FF8003EDD03 /* Extension.swift in Sources */,
			);
			runOnlyForDeploymentPostprocessing = 0;
		};
/* End PBXSourcesBuildPhase section */

/* Begin XCBuildConfiguration section */
		E2B4E54A2C675F8B003EDD03 /* Debug */ = {
			isa = XCBuildConfiguration;
			buildSettings = {
				ALWAYS_SEARCH_USER_PATHS = NO;
				ASSETCATALOG_COMPILER_GENERATE_SWIFT_ASSET_SYMBOL_EXTENSIONS = YES;
				CLANG_ANALYZER_NONNULL = YES;
				CLANG_ANALYZER_NUMBER_OBJECT_CONVERSION = YES_AGGRESSIVE;
				CLANG_CXX_LANGUAGE_STANDARD = "gnu++20";
				CLANG_ENABLE_MODULES = YES;
				CLANG_ENABLE_OBJC_ARC = YES;
				CLANG_ENABLE_OBJC_WEAK = YES;
				CLANG_WARN_BLOCK_CAPTURE_AUTORELEASING = YES;
				CLANG_WARN_BOOL_CONVERSION = YES;
				CLANG_WARN_COMMA = YES;
				CLANG_WARN_CONSTANT_CONVERSION = YES;
				CLANG_WARN_DEPRECATED_OBJC_IMPLEMENTATIONS = YES;
				CLANG_WARN_DIRECT_OBJC_ISA_USAGE = YES_ERROR;
				CLANG_WARN_DOCUMENTATION_COMMENTS = YES;
				CLANG_WARN_EMPTY_BODY = YES;
				CLANG_WARN_ENUM_CONVERSION = YES;
				CLANG_WARN_INFINITE_RECURSION = YES;
				CLANG_WARN_INT_CONVERSION = YES;
				CLANG_WARN_NON_LITERAL_NULL_CONVERSION = YES;
				CLANG_WARN_OBJC_IMPLICIT_RETAIN_SELF = YES;
				CLANG_WARN_OBJC_LITERAL_CONVERSION = YES;
				CLANG_WARN_OBJC_ROOT_CLASS = YES_ERROR;
				CLANG_WARN_QUOTED_INCLUDE_IN_FRAMEWORK_HEADER = YES;
				CLANG_WARN_RANGE_LOOP_ANALYSIS = YES;
				CLANG_WARN_STRICT_PROTOTYPES = YES;
				CLANG_WARN_SUSPICIOUS_MOVE = YES;
				CLANG_WARN_UNGUARDED_AVAILABILITY = YES_AGGRESSIVE;
				CLANG_WARN_UNREACHABLE_CODE = YES;
				CLANG_WARN__DUPLICATE_METHOD_MATCH = YES;
				COPY_PHASE_STRIP = NO;
				DEBUG_INFORMATION_FORMAT = dwarf;
				ENABLE_STRICT_OBJC_MSGSEND = YES;
				ENABLE_TESTABILITY = YES;
				ENABLE_USER_SCRIPT_SANDBOXING = YES;
				GCC_C_LANGUAGE_STANDARD = gnu17;
				GCC_DYNAMIC_NO_PIC = NO;
				GCC_NO_COMMON_BLOCKS = YES;
				GCC_OPTIMIZATION_LEVEL = 0;
				GCC_PREPROCESSOR_DEFINITIONS = (
					"DEBUG=1",
					"$(inherited)",
				);
				GCC_WARN_64_TO_32_BIT_CONVERSION = YES;
				GCC_WARN_ABOUT_RETURN_TYPE = YES_ERROR;
				GCC_WARN_UNDECLARED_SELECTOR = YES;
				GCC_WARN_UNINITIALIZED_AUTOS = YES_AGGRESSIVE;
				GCC_WARN_UNUSED_FUNCTION = YES;
				GCC_WARN_UNUSED_VARIABLE = YES;
				IPHONEOS_DEPLOYMENT_TARGET = 17.4;
				LOCALIZATION_PREFERS_STRING_CATALOGS = YES;
				MTL_ENABLE_DEBUG_INFO = INCLUDE_SOURCE;
				MTL_FAST_MATH = YES;
				ONLY_ACTIVE_ARCH = YES;
				SDKROOT = iphoneos;
				SWIFT_ACTIVE_COMPILATION_CONDITIONS = "DEBUG $(inherited)";
				SWIFT_OPTIMIZATION_LEVEL = "-Onone";
			};
			name = Debug;
		};
		E2B4E54B2C675F8B003EDD03 /* Release */ = {
			isa = XCBuildConfiguration;
			buildSettings = {
				ALWAYS_SEARCH_USER_PATHS = NO;
				ASSETCATALOG_COMPILER_GENERATE_SWIFT_ASSET_SYMBOL_EXTENSIONS = YES;
				CLANG_ANALYZER_NONNULL = YES;
				CLANG_ANALYZER_NUMBER_OBJECT_CONVERSION = YES_AGGRESSIVE;
				CLANG_CXX_LANGUAGE_STANDARD = "gnu++20";
				CLANG_ENABLE_MODULES = YES;
				CLANG_ENABLE_OBJC_ARC = YES;
				CLANG_ENABLE_OBJC_WEAK = YES;
				CLANG_WARN_BLOCK_CAPTURE_AUTORELEASING = YES;
				CLANG_WARN_BOOL_CONVERSION = YES;
				CLANG_WARN_COMMA = YES;
				CLANG_WARN_CONSTANT_CONVERSION = YES;
				CLANG_WARN_DEPRECATED_OBJC_IMPLEMENTATIONS = YES;
				CLANG_WARN_DIRECT_OBJC_ISA_USAGE = YES_ERROR;
				CLANG_WARN_DOCUMENTATION_COMMENTS = YES;
				CLANG_WARN_EMPTY_BODY = YES;
				CLANG_WARN_ENUM_CONVERSION = YES;
				CLANG_WARN_INFINITE_RECURSION = YES;
				CLANG_WARN_INT_CONVERSION = YES;
				CLANG_WARN_NON_LITERAL_NULL_CONVERSION = YES;
				CLANG_WARN_OBJC_IMPLICIT_RETAIN_SELF = YES;
				CLANG_WARN_OBJC_LITERAL_CONVERSION = YES;
				CLANG_WARN_OBJC_ROOT_CLASS = YES_ERROR;
				CLANG_WARN_QUOTED_INCLUDE_IN_FRAMEWORK_HEADER = YES;
				CLANG_WARN_RANGE_LOOP_ANALYSIS = YES;
				CLANG_WARN_STRICT_PROTOTYPES = YES;
				CLANG_WARN_SUSPICIOUS_MOVE = YES;
				CLANG_WARN_UNGUARDED_AVAILABILITY = YES_AGGRESSIVE;
				CLANG_WARN_UNREACHABLE_CODE = YES;
				CLANG_WARN__DUPLICATE_METHOD_MATCH = YES;
				COPY_PHASE_STRIP = NO;
				DEBUG_INFORMATION_FORMAT = "dwarf-with-dsym";
				ENABLE_NS_ASSERTIONS = NO;
				ENABLE_STRICT_OBJC_MSGSEND = YES;
				ENABLE_USER_SCRIPT_SANDBOXING = YES;
				GCC_C_LANGUAGE_STANDARD = gnu17;
				GCC_NO_COMMON_BLOCKS = YES;
				GCC_WARN_64_TO_32_BIT_CONVERSION = YES;
				GCC_WARN_ABOUT_RETURN_TYPE = YES_ERROR;
				GCC_WARN_UNDECLARED_SELECTOR = YES;
				GCC_WARN_UNINITIALIZED_AUTOS = YES_AGGRESSIVE;
				GCC_WARN_UNUSED_FUNCTION = YES;
				GCC_WARN_UNUSED_VARIABLE = YES;
				IPHONEOS_DEPLOYMENT_TARGET = 17.4;
				LOCALIZATION_PREFERS_STRING_CATALOGS = YES;
				MTL_ENABLE_DEBUG_INFO = NO;
				MTL_FAST_MATH = YES;
				SDKROOT = iphoneos;
				SWIFT_COMPILATION_MODE = wholemodule;
				VALIDATE_PRODUCT = YES;
			};
			name = Release;
		};
		E2B4E54D2C675F8B003EDD03 /* Debug */ = {
			isa = XCBuildConfiguration;
			buildSettings = {
				ASSETCATALOG_COMPILER_APPICON_NAME = AppIcon;
				ASSETCATALOG_COMPILER_GLOBAL_ACCENT_COLOR_NAME = AccentColor;
				CODE_SIGN_STYLE = Automatic;
				CURRENT_PROJECT_VERSION = 1;
				DEVELOPMENT_ASSET_PATHS = "\"QuizApp/Preview Content\"";
				DEVELOPMENT_TEAM = 6P4M8YQN8F;
				ENABLE_PREVIEWS = YES;
				GENERATE_INFOPLIST_FILE = YES;
				INFOPLIST_KEY_UIApplicationSceneManifest_Generation = YES;
				INFOPLIST_KEY_UIApplicationSupportsIndirectInputEvents = YES;
				INFOPLIST_KEY_UILaunchScreen_Generation = YES;
				INFOPLIST_KEY_UISupportedInterfaceOrientations_iPad = "UIInterfaceOrientationPortrait UIInterfaceOrientationPortraitUpsideDown UIInterfaceOrientationLandscapeLeft UIInterfaceOrientationLandscapeRight";
				INFOPLIST_KEY_UISupportedInterfaceOrientations_iPhone = "UIInterfaceOrientationPortrait UIInterfaceOrientationLandscapeLeft UIInterfaceOrientationLandscapeRight";
				LD_RUNPATH_SEARCH_PATHS = (
					"$(inherited)",
					"@executable_path/Frameworks",
				);
				MARKETING_VERSION = 1.0;
				PRODUCT_BUNDLE_IDENTIFIER = iOSDevteam.QuizApp;
				PRODUCT_NAME = "$(TARGET_NAME)";
				SWIFT_EMIT_LOC_STRINGS = YES;
				SWIFT_VERSION = 5.0;
				TARGETED_DEVICE_FAMILY = "1,2";
			};
			name = Debug;
		};
		E2B4E54E2C675F8B003EDD03 /* Release */ = {
			isa = XCBuildConfiguration;
			buildSettings = {
				ASSETCATALOG_COMPILER_APPICON_NAME = AppIcon;
				ASSETCATALOG_COMPILER_GLOBAL_ACCENT_COLOR_NAME = AccentColor;
				CODE_SIGN_STYLE = Automatic;
				CURRENT_PROJECT_VERSION = 1;
				DEVELOPMENT_ASSET_PATHS = "\"QuizApp/Preview Content\"";
				DEVELOPMENT_TEAM = 6P4M8YQN8F;
				ENABLE_PREVIEWS = YES;
				GENERATE_INFOPLIST_FILE = YES;
				INFOPLIST_KEY_UIApplicationSceneManifest_Generation = YES;
				INFOPLIST_KEY_UIApplicationSupportsIndirectInputEvents = YES;
				INFOPLIST_KEY_UILaunchScreen_Generation = YES;
				INFOPLIST_KEY_UISupportedInterfaceOrientations_iPad = "UIInterfaceOrientationPortrait UIInterfaceOrientationPortraitUpsideDown UIInterfaceOrientationLandscapeLeft UIInterfaceOrientationLandscapeRight";
				INFOPLIST_KEY_UISupportedInterfaceOrientations_iPhone = "UIInterfaceOrientationPortrait UIInterfaceOrientationLandscapeLeft UIInterfaceOrientationLandscapeRight";
				LD_RUNPATH_SEARCH_PATHS = (
					"$(inherited)",
					"@executable_path/Frameworks",
				);
				MARKETING_VERSION = 1.0;
				PRODUCT_BUNDLE_IDENTIFIER = iOSDevteam.QuizApp;
				PRODUCT_NAME = "$(TARGET_NAME)";
				SWIFT_EMIT_LOC_STRINGS = YES;
				SWIFT_VERSION = 5.0;
				TARGETED_DEVICE_FAMILY = "1,2";
			};
			name = Release;
		};
/* End XCBuildConfiguration section */

/* Begin XCConfigurationList section */
		E2B4E5392C675F89003EDD03 /* Build configuration list for PBXProject "QuizApp" */ = {
			isa = XCConfigurationList;
			buildConfigurations = (
				E2B4E54A2C675F8B003EDD03 /* Debug */,
				E2B4E54B2C675F8B003EDD03 /* Release */,
			);
			defaultConfigurationIsVisible = 0;
			defaultConfigurationName = Release;
		};
		E2B4E54C2C675F8B003EDD03 /* Build configuration list for PBXNativeTarget "QuizApp" */ = {
			isa = XCConfigurationList;
			buildConfigurations = (
				E2B4E54D2C675F8B003EDD03 /* Debug */,
				E2B4E54E2C675F8B003EDD03 /* Release */,
			);
			defaultConfigurationIsVisible = 0;
			defaultConfigurationName = Release;
		};
/* End XCConfigurationList section */
	};
	rootObject = E2B4E5362C675F89003EDD03 /* Project object */;
}
